
Microsoft Visual Studio Solution File, Format Version 12.00
# Visual Studio Version 17
VisualStudioVersion = 17.0.31903.59
MinimumVisualStudioVersion = 10.0.40219.1
Project("{9A19103F-16F7-4668-BE54-9A1E7A4F7556}") = "PawShelter.Infrastructure", "src\PawShelter.Infrastructure\PawShelter.Infrastructure.csproj", "{E42B20B0-11D4-461D-BA98-8DF96C4CD5D5}"
EndProject
Project("{9A19103F-16F7-4668-BE54-9A1E7A4F7556}") = "PawShelter.Application", "src\PawShelter.Application\PawShelter.Application.csproj", "{82FE26E0-27B7-4C50-BEC4-4FC8B267EFB2}"
EndProject
Project("{9A19103F-16F7-4668-BE54-9A1E7A4F7556}") = "PawShelter.Domain", "src\PawShelter.Domain\PawShelter.Domain.csproj", "{EA3E1F49-9118-4577-9EF0-D540001089E1}"
EndProject
Project("{9A19103F-16F7-4668-BE54-9A1E7A4F7556}") = "PawShelter.API", "src\PawShelter.API\PawShelter.API.csproj", "{E21BA4F8-F229-43B0-839D-BF78E68E63F2}"
EndProject
Project("{E53339B2-1760-4266-BCC7-CA923CBCF16C}") = "docker-compose", "docker-compose.dcproj", "{ADC08DF5-F7C7-4E69-B673-71677305A0A0}"
EndProject
Global
	GlobalSection(SolutionConfigurationPlatforms) = preSolution
		Debug|Any CPU = Debug|Any CPU
		Release|Any CPU = Release|Any CPU
	EndGlobalSection
	GlobalSection(ProjectConfigurationPlatforms) = postSolution
		{E42B20B0-11D4-461D-BA98-8DF96C4CD5D5}.Debug|Any CPU.ActiveCfg = Debug|Any CPU
		{E42B20B0-11D4-461D-BA98-8DF96C4CD5D5}.Debug|Any CPU.Build.0 = Debug|Any CPU
		{E42B20B0-11D4-461D-BA98-8DF96C4CD5D5}.Release|Any CPU.ActiveCfg = Release|Any CPU
		{E42B20B0-11D4-461D-BA98-8DF96C4CD5D5}.Release|Any CPU.Build.0 = Release|Any CPU
		{82FE26E0-27B7-4C50-BEC4-4FC8B267EFB2}.Debug|Any CPU.ActiveCfg = Debug|Any CPU
		{82FE26E0-27B7-4C50-BEC4-4FC8B267EFB2}.Debug|Any CPU.Build.0 = Debug|Any CPU
		{82FE26E0-27B7-4C50-BEC4-4FC8B267EFB2}.Release|Any CPU.ActiveCfg = Release|Any CPU
		{82FE26E0-27B7-4C50-BEC4-4FC8B267EFB2}.Release|Any CPU.Build.0 = Release|Any CPU
		{EA3E1F49-9118-4577-9EF0-D540001089E1}.Debug|Any CPU.ActiveCfg = Debug|Any CPU
		{EA3E1F49-9118-4577-9EF0-D540001089E1}.Debug|Any CPU.Build.0 = Debug|Any CPU
		{EA3E1F49-9118-4577-9EF0-D540001089E1}.Release|Any CPU.ActiveCfg = Release|Any CPU
		{EA3E1F49-9118-4577-9EF0-D540001089E1}.Release|Any CPU.Build.0 = Release|Any CPU
		{E21BA4F8-F229-43B0-839D-BF78E68E63F2}.Debug|Any CPU.ActiveCfg = Debug|Any CPU
		{E21BA4F8-F229-43B0-839D-BF78E68E63F2}.Debug|Any CPU.Build.0 = Debug|Any CPU
		{E21BA4F8-F229-43B0-839D-BF78E68E63F2}.Release|Any CPU.ActiveCfg = Release|Any CPU
		{E21BA4F8-F229-43B0-839D-BF78E68E63F2}.Release|Any CPU.Build.0 = Release|Any CPU
		{ADC08DF5-F7C7-4E69-B673-71677305A0A0}.Debug|Any CPU.ActiveCfg = Debug|Any CPU
		{ADC08DF5-F7C7-4E69-B673-71677305A0A0}.Debug|Any CPU.Build.0 = Debug|Any CPU
		{ADC08DF5-F7C7-4E69-B673-71677305A0A0}.Release|Any CPU.ActiveCfg = Release|Any CPU
		{ADC08DF5-F7C7-4E69-B673-71677305A0A0}.Release|Any CPU.Build.0 = Release|Any CPU
	EndGlobalSection
	GlobalSection(SolutionProperties) = preSolution
		HideSolutionNode = FALSE
	EndGlobalSection
	GlobalSection(ExtensibilityGlobals) = postSolution
		SolutionGuid = {FC49D186-0A41-4B2F-8A47-1668725944B8}
	EndGlobalSection
EndGlobal
